{
  "version": 4,
  "terraform_version": "0.12.20",
  "serial": 1,
  "lineage": "d376254b-453b-6ee5-1785-6c9bf36c9c12",
  "outputs": {
    "puppet_response": {
      "value": [
        [
          [
            "{\"status\": \"WAITING\", \"message\": {\"status\": \"CloudScript has started running on the VM. Please call Status Resource to check the progress\", \"vmid\": \"i-04e64fc83b8a55975\"}}",
            "{\"status\": \"WAITING\", \"message\": {\"status\": \"CloudScript has started running on the VM. Please call Status Resource to check the progress\", \"vmid\": \"i-0a486ad8849710acc\"}}"
          ]
        ]
      ],
      "type": [
        "tuple",
        [
          [
            "tuple",
            [
              [
                "tuple",
                [
                  "string",
                  "string"
                ]
              ]
            ]
          ]
        ]
      ]
    }
  },
  "resources": [
    {
      "module": "module.application_load_balancer",
      "mode": "data",
      "type": "aws_subnet_ids",
      "name": "del_subnet_ids",
      "provider": "provider.aws",
      "instances": [
        {
          "schema_version": 0,
          "attributes": {
            "filter": null,
            "id": "vpc-04093af6b1ff0742b",
            "ids": [
              "subnet-0e6e6fe4c02ba8c19",
              "subnet-0f745c8381e87a238"
            ],
            "tags": null,
            "vpc_id": "vpc-04093af6b1ff0742b"
          }
        }
      ]
    },
    {
      "module": "module.application_load_balancer",
      "mode": "data",
      "type": "null_data_source",
      "name": "userdata_linux",
      "each": "list",
      "provider": "provider.null",
      "instances": []
    },
    {
      "module": "module.application_load_balancer",
      "mode": "data",
      "type": "null_data_source",
      "name": "userdata_windows",
      "each": "list",
      "provider": "provider.null",
      "instances": [
        {
          "index_key": 0,
          "schema_version": 0,
          "attributes": {
            "has_computed_default": "default",
            "id": "static",
            "inputs": {
              "windows_userdata": "\u003cscript\u003e\r\n mkdir  C:\\ProgramData\\PuppetLabs\\facter\\facts.d \r\n echo {\"elevated_groups\": {\"Administrators\":[\"us\\\\sg-us-868978391936-admin\",\"us\\\\sg-us-197151468794-admin\"]}} \u003e C:\\ProgramData\\PuppetLabs\\facter\\facts.d\\elevated_group.json\r\n wmic computersystem where name=\"%COMPUTERNAME%\" call rename name=\"AWSPPRD00001\"\r\n\u003c/script\u003e\r\n\u003cpowershell\u003e \r\n  Start-Transcript; \r\n  # Install IIS\r\n  Import-Module ServerManager; \r\n  Enable-WindowsOptionalFeature -Online -NoRestart -FeatureName 'IIS-WebServerRole', 'IIS-WebServer', 'IIS-ManagementConsole';\r\n  # Configure Bindings to :443\r\n  New-WebBinding -Name \"Default Web Site\" -IP \"*\" -Port 443 -Protocol https -SslFlags 0;\r\n  $newCert = New-SelfSignedCertificate -DnsName localhost -CertStoreLocation cert:\\LocalMachine\\My; \r\n  $SslBinding = Get-WebBinding -Name \"Default Web Site\" -Protocol \"https\";\r\n  $SslBinding.AddSslCertificate($newCert.GetCertHashString(), \"my\"); \r\n  Get-WebBinding -Port 80 -Name \"Default Web Site\" | Remove-WebBinding;\r\n  Restart-Computer\r\n\u003c/powershell\u003e\r\n"
            },
            "outputs": {
              "windows_userdata": "\u003cscript\u003e\r\n mkdir  C:\\ProgramData\\PuppetLabs\\facter\\facts.d \r\n echo {\"elevated_groups\": {\"Administrators\":[\"us\\\\sg-us-868978391936-admin\",\"us\\\\sg-us-197151468794-admin\"]}} \u003e C:\\ProgramData\\PuppetLabs\\facter\\facts.d\\elevated_group.json\r\n wmic computersystem where name=\"%COMPUTERNAME%\" call rename name=\"AWSPPRD00001\"\r\n\u003c/script\u003e\r\n\u003cpowershell\u003e \r\n  Start-Transcript; \r\n  # Install IIS\r\n  Import-Module ServerManager; \r\n  Enable-WindowsOptionalFeature -Online -NoRestart -FeatureName 'IIS-WebServerRole', 'IIS-WebServer', 'IIS-ManagementConsole';\r\n  # Configure Bindings to :443\r\n  New-WebBinding -Name \"Default Web Site\" -IP \"*\" -Port 443 -Protocol https -SslFlags 0;\r\n  $newCert = New-SelfSignedCertificate -DnsName localhost -CertStoreLocation cert:\\LocalMachine\\My; \r\n  $SslBinding = Get-WebBinding -Name \"Default Web Site\" -Protocol \"https\";\r\n  $SslBinding.AddSslCertificate($newCert.GetCertHashString(), \"my\"); \r\n  Get-WebBinding -Port 80 -Name \"Default Web Site\" | Remove-WebBinding;\r\n  Restart-Computer\r\n\u003c/powershell\u003e\r\n"
            },
            "random": "7728699334536944549"
          }
        },
        {
          "index_key": 1,
          "schema_version": 0,
          "attributes": {
            "has_computed_default": "default",
            "id": "static",
            "inputs": {
              "windows_userdata": "\u003cscript\u003e\r\n mkdir  C:\\ProgramData\\PuppetLabs\\facter\\facts.d \r\n echo {\"elevated_groups\": {\"Administrators\":[\"us\\\\sg-us-868978391936-admin\",\"us\\\\sg-us-197151468794-admin\"]}} \u003e C:\\ProgramData\\PuppetLabs\\facter\\facts.d\\elevated_group.json\r\n wmic computersystem where name=\"%COMPUTERNAME%\" call rename name=\"AWSPPRD00002\"\r\n\u003c/script\u003e\r\n\u003cpowershell\u003e \r\n  Start-Transcript; \r\n  # Install IIS\r\n  Import-Module ServerManager; \r\n  Enable-WindowsOptionalFeature -Online -NoRestart -FeatureName 'IIS-WebServerRole', 'IIS-WebServer', 'IIS-ManagementConsole';\r\n  # Configure Bindings to :443\r\n  New-WebBinding -Name \"Default Web Site\" -IP \"*\" -Port 443 -Protocol https -SslFlags 0;\r\n  $newCert = New-SelfSignedCertificate -DnsName localhost -CertStoreLocation cert:\\LocalMachine\\My; \r\n  $SslBinding = Get-WebBinding -Name \"Default Web Site\" -Protocol \"https\";\r\n  $SslBinding.AddSslCertificate($newCert.GetCertHashString(), \"my\"); \r\n  Get-WebBinding -Port 80 -Name \"Default Web Site\" | Remove-WebBinding;\r\n  Restart-Computer\r\n\u003c/powershell\u003e\r\n"
            },
            "outputs": {
              "windows_userdata": "\u003cscript\u003e\r\n mkdir  C:\\ProgramData\\PuppetLabs\\facter\\facts.d \r\n echo {\"elevated_groups\": {\"Administrators\":[\"us\\\\sg-us-868978391936-admin\",\"us\\\\sg-us-197151468794-admin\"]}} \u003e C:\\ProgramData\\PuppetLabs\\facter\\facts.d\\elevated_group.json\r\n wmic computersystem where name=\"%COMPUTERNAME%\" call rename name=\"AWSPPRD00002\"\r\n\u003c/script\u003e\r\n\u003cpowershell\u003e \r\n  Start-Transcript; \r\n  # Install IIS\r\n  Import-Module ServerManager; \r\n  Enable-WindowsOptionalFeature -Online -NoRestart -FeatureName 'IIS-WebServerRole', 'IIS-WebServer', 'IIS-ManagementConsole';\r\n  # Configure Bindings to :443\r\n  New-WebBinding -Name \"Default Web Site\" -IP \"*\" -Port 443 -Protocol https -SslFlags 0;\r\n  $newCert = New-SelfSignedCertificate -DnsName localhost -CertStoreLocation cert:\\LocalMachine\\My; \r\n  $SslBinding = Get-WebBinding -Name \"Default Web Site\" -Protocol \"https\";\r\n  $SslBinding.AddSslCertificate($newCert.GetCertHashString(), \"my\"); \r\n  Get-WebBinding -Port 80 -Name \"Default Web Site\" | Remove-WebBinding;\r\n  Restart-Computer\r\n\u003c/powershell\u003e\r\n"
            },
            "random": "7919808066222530317"
          }
        }
      ]
    },
    {
      "module": "module.application_load_balancer",
      "mode": "data",
      "type": "restapi",
      "name": "puppet",
      "each": "list",
      "provider": "provider.restapi",
      "instances": [
        {
          "index_key": 0,
          "schema_version": 0,
          "attributes": {
            "body": "{\"status\": \"WAITING\", \"message\": {\"status\": \"CloudScript has started running on the VM. Please call Status Resource to check the progress\", \"vmid\": \"i-04e64fc83b8a55975\"}}",
            "id": "2020-04-30 10:04:21.5957701 +0000 UTC",
            "method": "POST",
            "request_body": "{\r\n      \"AccountID\":  \"868978391936\",\r\n      \"ResourceLocation\":  \"us-east-1\",\r\n      \"Domain\":  \"us.deloitte.com\",\r\n      \"ResourceIdentifier\":\"i-04e64fc83b8a55975\",\r\n      \"Environment\": \"NPD\",\r\n      \"Provider\":  \"aws\",\r\n      \"OperatingSystem\": \"windows\"\r\n}\r\n",
            "request_headers": {
              "Authorization": "eyJ0eXAiOiJKV1QiLCJhbGciOiJSUzI1NiIsIng1dCI6IkN0VHVoTUptRDVNN0RMZHpEMnYyeDNRS1NSWSIsImtpZCI6IkN0VHVoTUptRDVNN0RMZHpEMnYyeDNRS1NSWSJ9.eyJhdWQiOiI5ZjExZTZkYi03MTVkLTQ1YTctODg3ZS0wMWUwMGI5YmM5NjgiLCJpc3MiOiJodHRwczovL3N0cy53aW5kb3dzLm5ldC8zNmRhNDVmMS1kZDJjLTRkMWYtYWYxMy01YWJlNDZiOTk5MjEvIiwiaWF0IjoxNTg4MjQwMzE3LCJuYmYiOjE1ODgyNDAzMTcsImV4cCI6MTU4ODI0NDIxNywiYWlvIjoiNDJkZ1lMQjhJOE85NDYvR01YTVd4bFhWUEJmdkFnQT0iLCJhcHBpZCI6IjhhNjAwMDE3LWNlMjktNDVmYy05OTIxLTBlZDg1MjFhNGQ4MiIsImFwcGlkYWNyIjoiMSIsImlkcCI6Imh0dHBzOi8vc3RzLndpbmRvd3MubmV0LzM2ZGE0NWYxLWRkMmMtNGQxZi1hZjEzLTVhYmU0NmI5OTkyMS8iLCJvaWQiOiIyNzA3NDg4ZC1hYjc1LTQzOTAtOTM5NC0wZDg5MzM0ODQzYTciLCJzdWIiOiIyNzA3NDg4ZC1hYjc1LTQzOTAtOTM5NC0wZDg5MzM0ODQzYTciLCJ0aWQiOiIzNmRhNDVmMS1kZDJjLTRkMWYtYWYxMy01YWJlNDZiOTk5MjEiLCJ1dGkiOiJrLVI2cy1YVjRrR29RT1dqVEpLR0FBIiwidmVyIjoiMS4wIn0.E0urRCh5ZMZcw8K5huX-5IgVNL20GEjWgKSpXS3A9Oj6gUAjnlVPDMG4T_3rbIrxpETpHBO6_LXrYJJOk_eqMFAAq13UMhLPuVYyiEBRYm8ZB7YmfCsxDtRGVdhrU0DSptmb32o7MBf3rTKlu0E76cfK2ktqtESDFAoxAO_Zi6Qe9Kn8IYEVglaRhNXBXrTQ01o32UBWS0oluLoHXIO6GZlTylZc0jej4PG_MrvycsZ_EK-Ll2ZVKeqHJX9Lwl1oPf1EeG5yrU93AQji_vGwxAPzdGI7WSHfSXgmkr11zCg3CB4_tBKqHBbFGQvtWc7XQnfJSLO6tGinmHymI2iH_Q",
              "Content-Type": "application/json"
            },
            "response_headers": {
              "Content-Length": "171",
              "Content-Type": "application/json",
              "Date": "Thu, 30 Apr 2020 10:04:21 GMT",
              "Via": "1.1 ff57be90471f9a747547dbdeaf42a3eb.cloudfront.net (CloudFront)",
              "X-Amz-Apigw-Id": "Ly5ZqEKiIAMFStQ=",
              "X-Amz-Cf-Id": "ZVX_Pm9sdl8x1LZnyIAcDsqiWsdqdCoB9dvw_xg79RllZ6qKC8YPHQ==",
              "X-Amz-Cf-Pop": "IAD79-C3",
              "X-Amzn-Requestid": "fef9d546-1f5b-4ade-8440-81930aed10ef",
              "X-Amzn-Trace-Id": "Root=1-5eaaa2a4-b1822390d8d2c730cb997740;Sampled=0",
              "X-Cache": "Miss from cloudfront"
            },
            "uri": "https://onecloudapi.deloitte.com/cloudscript/20190215/api/provision"
          }
        },
        {
          "index_key": 1,
          "schema_version": 0,
          "attributes": {
            "body": "{\"status\": \"WAITING\", \"message\": {\"status\": \"CloudScript has started running on the VM. Please call Status Resource to check the progress\", \"vmid\": \"i-0a486ad8849710acc\"}}",
            "id": "2020-04-30 10:04:21.7260539 +0000 UTC",
            "method": "POST",
            "request_body": "{\r\n      \"AccountID\":  \"868978391936\",\r\n      \"ResourceLocation\":  \"us-east-1\",\r\n      \"Domain\":  \"us.deloitte.com\",\r\n      \"ResourceIdentifier\":\"i-0a486ad8849710acc\",\r\n      \"Environment\": \"NPD\",\r\n      \"Provider\":  \"aws\",\r\n      \"OperatingSystem\": \"windows\"\r\n}\r\n",
            "request_headers": {
              "Authorization": "eyJ0eXAiOiJKV1QiLCJhbGciOiJSUzI1NiIsIng1dCI6IkN0VHVoTUptRDVNN0RMZHpEMnYyeDNRS1NSWSIsImtpZCI6IkN0VHVoTUptRDVNN0RMZHpEMnYyeDNRS1NSWSJ9.eyJhdWQiOiI5ZjExZTZkYi03MTVkLTQ1YTctODg3ZS0wMWUwMGI5YmM5NjgiLCJpc3MiOiJodHRwczovL3N0cy53aW5kb3dzLm5ldC8zNmRhNDVmMS1kZDJjLTRkMWYtYWYxMy01YWJlNDZiOTk5MjEvIiwiaWF0IjoxNTg4MjQwMzE3LCJuYmYiOjE1ODgyNDAzMTcsImV4cCI6MTU4ODI0NDIxNywiYWlvIjoiNDJkZ1lMQjhJOE85NDYvR01YTVd4bFhWUEJmdkFnQT0iLCJhcHBpZCI6IjhhNjAwMDE3LWNlMjktNDVmYy05OTIxLTBlZDg1MjFhNGQ4MiIsImFwcGlkYWNyIjoiMSIsImlkcCI6Imh0dHBzOi8vc3RzLndpbmRvd3MubmV0LzM2ZGE0NWYxLWRkMmMtNGQxZi1hZjEzLTVhYmU0NmI5OTkyMS8iLCJvaWQiOiIyNzA3NDg4ZC1hYjc1LTQzOTAtOTM5NC0wZDg5MzM0ODQzYTciLCJzdWIiOiIyNzA3NDg4ZC1hYjc1LTQzOTAtOTM5NC0wZDg5MzM0ODQzYTciLCJ0aWQiOiIzNmRhNDVmMS1kZDJjLTRkMWYtYWYxMy01YWJlNDZiOTk5MjEiLCJ1dGkiOiJrLVI2cy1YVjRrR29RT1dqVEpLR0FBIiwidmVyIjoiMS4wIn0.E0urRCh5ZMZcw8K5huX-5IgVNL20GEjWgKSpXS3A9Oj6gUAjnlVPDMG4T_3rbIrxpETpHBO6_LXrYJJOk_eqMFAAq13UMhLPuVYyiEBRYm8ZB7YmfCsxDtRGVdhrU0DSptmb32o7MBf3rTKlu0E76cfK2ktqtESDFAoxAO_Zi6Qe9Kn8IYEVglaRhNXBXrTQ01o32UBWS0oluLoHXIO6GZlTylZc0jej4PG_MrvycsZ_EK-Ll2ZVKeqHJX9Lwl1oPf1EeG5yrU93AQji_vGwxAPzdGI7WSHfSXgmkr11zCg3CB4_tBKqHBbFGQvtWc7XQnfJSLO6tGinmHymI2iH_Q",
              "Content-Type": "application/json"
            },
            "response_headers": {
              "Content-Length": "171",
              "Content-Type": "application/json",
              "Date": "Thu, 30 Apr 2020 10:04:21 GMT",
              "Via": "1.1 9edb8d9b9614520133cf2257f302ebaa.cloudfront.net (CloudFront)",
              "X-Amz-Apigw-Id": "Ly5ZqEyIIAMF7JA=",
              "X-Amz-Cf-Id": "XEiA4CUxzX-OX-acUkLWck8gexto0STPscdGti3xTjDSUatnG609zA==",
              "X-Amz-Cf-Pop": "IAD79-C3",
              "X-Amzn-Requestid": "bbf664df-4634-43b8-b4af-fa5ca8a020e9",
              "X-Amzn-Trace-Id": "Root=1-5eaaa2a4-325f8f10e20ce3804ec9a238;Sampled=0",
              "X-Cache": "Miss from cloudfront"
            },
            "uri": "https://onecloudapi.deloitte.com/cloudscript/20190215/api/provision"
          }
        }
      ]
    },
    {
      "module": "module.application_load_balancer",
      "mode": "data",
      "type": "restapi",
      "name": "servernaming",
      "provider": "provider.restapi",
      "instances": [
        {
          "schema_version": 0,
          "attributes": {
            "body": "{\r\n  \"components\": [\r\n    {\r\n      \"componentName\": \"WEB\",\r\n      \"servers\": [\r\n        \"AWSPPRD00001\",\r\n        \"AWSPPRD00002\"\r\n      ]\r\n    }\r\n  ],\r\n  \"resourceName\": null,\r\n  \"tags\": null,\r\n  \"permissions\": null\r\n}",
            "id": "2020-04-30 09:56:59.3319943 +0000 UTC",
            "method": "POST",
            "request_body": "{\"environment\":\"AWSPPRD\",\"system\":\"USPPRD\",\"vmAllocationRequest\":[{\"componentKey\":\"WEB\",\"numberServers\":\"2\"}]}",
            "request_headers": {
              "Content-Type": "application/json"
            },
            "response_headers": {
              "Content-Type": "text/plain; charset=utf-8",
              "Date": "Thu, 30 Apr 2020 09:56:59 GMT",
              "Request-Context": "appId=cid-v1:d89a3d60-43d1-4cac-a86b-55287323dd7a",
              "Set-Cookie": "ARRAffinity=57008eb873c7365c6ef907311d1d26e719d2d304effbc14458cd2f45247bca14;Path=/;HttpOnly;Domain=az-use-prd-bot-fun-01.azurewebsites.net",
              "Vary": "Accept-Encoding"
            },
            "uri": "https://onecloudapi.deloitte.com/servernaming/20190215/ServerNaming"
          }
        }
      ]
    },
    {
  "module": "module.application_load_balancer",
  "mode": "data",
  "type": "restapi",
  "name": "tokenapi",
  "provider": "provider.restapi",
  "instances": [
    {
      "schema_version": 0,
      "attributes": {
        "body": "{\"token_type\":\"Bearer\",\"expires_in\":\"3599\",\"ext_expires_in\":\"3599\",\"expires_on\":\"1588244217\",\"not_before\":\"1588240317\",\"resource\":\"9f11e6db-715d-45a7-887e-01e00b9bc968\",\"access_token\":\"eyJ0eXAiOiJKV1QiLCJhbGciOiJSUzI1NiIsIng1dCI6IkN0VHVoTUptRDVNN0RMZHpEMnYyeDNRS1NSWSIsImtpZCI6IkN0VHVoTUptRDVNN0RMZHpEMnYyeDNRS1NSWSJ9.eyJhdWQiOiI5ZjExZTZkYi03MTVkLTQ1YTctODg3ZS0wMWUwMGI5YmM5NjgiLCJpc3MiOiJodHRwczovL3N0cy53aW5kb3dzLm5ldC8zNmRhNDVmMS1kZDJjLTRkMWYtYWYxMy01YWJlNDZiOTk5MjEvIiwiaWF0IjoxNTg4MjQwMzE3LCJuYmYiOjE1ODgyNDAzMTcsImV4cCI6MTU4ODI0NDIxNywiYWlvIjoiNDJkZ1lMQjhJOE85NDYvR01YTVd4bFhWUEJmdkFnQT0iLCJhcHBpZCI6IjhhNjAwMDE3LWNlMjktNDVmYy05OTIxLTBlZDg1MjFhNGQ4MiIsImFwcGlkYWNyIjoiMSIsImlkcCI6Imh0dHBzOi8vc3RzLndpbmRvd3MubmV0LzM2ZGE0NWYxLWRkMmMtNGQxZi1hZjEzLTVhYmU0NmI5OTkyMS8iLCJvaWQiOiIyNzA3NDg4ZC1hYjc1LTQzOTAtOTM5NC0wZDg5MzM0ODQzYTciLCJzdWIiOiIyNzA3NDg4ZC1hYjc1LTQzOTAtOTM5NC0wZDg5MzM0ODQzYTciLCJ0aWQiOiIzNmRhNDVmMS1kZDJjLTRkMWYtYWYxMy01YWJlNDZiOTk5MjEiLCJ1dGkiOiJrLVI2cy1YVjRrR29RT1dqVEpLR0FBIiwidmVyIjoiMS4wIn0.E0urRCh5ZMZcw8K5huX-5IgVNL20GEjWgKSpXS3A9Oj6gUAjnlVPDMG4T_3rbIrxpETpHBO6_LXrYJJOk_eqMFAAq13UMhLPuVYyiEBRYm8ZB7YmfCsxDtRGVdhrU0DSptmb32o7MBf3rTKlu0E76cfK2ktqtESDFAoxAO_Zi6Qe9Kn8IYEVglaRhNXBXrTQ01o32UBWS0oluLoHXIO6GZlTylZc0jej4PG_MrvycsZ_EK-Ll2ZVKeqHJX9Lwl1oPf1EeG5yrU93AQji_vGwxAPzdGI7WSHfSXgmkr11zCg3CB4_tBKqHBbFGQvtWc7XQnfJSLO6tGinmHymI2iH_Q\"}",
        "id": "2020-04-30 09:56:57.6403766 +0000 UTC",
        "method": "POST",
        "request_body": "{\r\n   \"grant_type\":\"client_credentials\",\r\n   \"resource\":\"9f11e6db-715d-45a7-887e-01e00b9bc968\",\r\n   \"client_id\":\"8a600017-ce29-45fc-9921-0ed8521a4d82\",\r\n   \"client_secret\":\"D:D_b1dr]@0qXfrfr7AioWMaDO2ohluV\"\r\n}\r\n",
        "request_headers": {
          "Content-Type": "Application/x-www-form-Urlencoded"
        },
        "response_headers": {
          "Cache-Control": "no-cache, no-store",
          "Content-Length": "1354",
          "Content-Type": "application/json; charset=utf-8",
          "Date": "Thu, 30 Apr 2020 09:56:57 GMT",
          "Expires": "-1",
          "P3p": "CP=\"DSP CUR OTPi IND OTRi ONL FIN\"",
          "Pragma": "no-cache",
          "Set-Cookie": "fpc=ArgEvKIEyulFg-94Mp_-MqwCOFcJAQAAAOmXPNYOAAAA; expires=Sat, 30-May-2020 09:56:57 GMT; path=/; secure; HttpOnly; SameSite=None, x-ms-gateway-slice=prod; path=/; SameSite=None; secure; HttpOnly, stsservicecookie=ests; path=/; SameSite=None; secure; HttpOnly",
          "Strict-Transport-Security": "max-age=31536000; includeSubDomains",
          "X-Content-Type-Options": "nosniff",
          "X-Ms-Ests-Server": "2.1.10433.14 - EST ProdSlices",
          "X-Ms-Request-Id": "b37ae493-d5e5-41e2-a840-e5a34c928600"
        },
        "uri": "https://login.microsoftonline.com/36da45f1-dd2c-4d1f-af13-5abe46b99921/oauth2/token"
      }
    }
  ]
},
    {
      "module": "module.application_load_balancer",
      "mode": "managed",
      "type": "aws_instance",
      "name": "aws-instance",
      "each": "list",
      "provider": "provider.aws",
      "instances": [
        {
          "index_key": 0,
          "schema_version": 1,
          "attributes": {
            "ami": "ami-01652280c5135f94b",
            "arn": "arn:aws:ec2:us-east-1:868978391936:instance/i-04e64fc83b8a55975",
            "associate_public_ip_address": false,
            "availability_zone": "us-east-1a",
            "cpu_core_count": 1,
            "cpu_threads_per_core": 1,
            "credit_specification": [
              {
                "cpu_credits": "standard"
              }
            ],
            "disable_api_termination": false,
            "ebs_block_device": [],
            "ebs_optimized": false,
            "ephemeral_block_device": [],
            "get_password_data": false,
            "hibernation": false,
            "host_id": null,
            "iam_instance_profile": "EC2SSMAgentProfile",
            "id": "i-04e64fc83b8a55975",
            "instance_initiated_shutdown_behavior": null,
            "instance_state": "running",
            "instance_type": "t2.micro",
            "ipv6_address_count": 0,
            "ipv6_addresses": [],
            "key_name": "testwind",
            "metadata_options": [
              {
                "http_endpoint": "enabled",
                "http_put_response_hop_limit": 1,
                "http_tokens": "optional"
              }
            ],
            "monitoring": false,
            "network_interface": [],
            "network_interface_id": null,
            "password_data": "",
            "placement_group": "",
            "primary_network_interface_id": "eni-001ec069d18438f9d",
            "private_dns": "ip-10-241-18-159.ec2.internal",
            "private_ip": "10.241.18.159",
            "public_dns": "",
            "public_ip": "",
            "root_block_device": [
              {
                "delete_on_termination": true,
                "device_name": "/dev/sda1",
                "encrypted": true,
                "iops": 100,
                "kms_key_id": "arn:aws:kms:us-east-1:868978391936:key/5530081b-95ee-4f21-9bb6-0f686896ff21",
                "volume_id": "vol-0f04d43cce86bc3e1",
                "volume_size": 30,
                "volume_type": "gp2"
              }
            ],
            "security_groups": [],
            "source_dest_check": true,
            "subnet_id": "subnet-0e6e6fe4c02ba8c19",
            "tags": {
              "BILLINGCODE": "TPX01413-01-01-01-G688",
              "BILLINGCONTACT": "rdahlman@deloitte.com",
              "CLIENT": "DevOps Pipeline",
              "COUNTRY": "US",
              "CSCLASS": "Confidential",
              "CSQUAL": "Intellectual Property",
              "CSTYPE": "External",
              "DCR": "AWS-WEBFALB0002-0.0.2",
              "ENVIRONMENT": "NPD",
              "FUNCTION": "ITS",
              "GROUPCONTACT": "rdahlman@deloitte.com",
              "MEMBERFIRM": "US",
              "Name": "AWSPPRD00001",
              "PRIMARYCONTACT": "IAMUSER-868978391936",
              "SECONDARYCONTACT": "rdahlman@deloitte.com",
              "cpm backup": "daily_backups_868978391936"
            },
            "tenancy": "default",
            "timeouts": null,
            "user_data": "26b04f184e420c36dc0b5b7d78336b91a09dd967",
            "user_data_base64": null,
            "volume_tags": {
              "BILLINGCODE": "TPX01413-01-01-01-G688",
              "BILLINGCONTACT": "rdahlman@deloitte.com",
              "CLIENT": "DevOps Pipeline",
              "COUNTRY": "US",
              "CSCLASS": "Confidential",
              "CSQUAL": "Intellectual Property",
              "CSTYPE": "External",
              "DCR": "AWS-WEBFALB0002-0.0.2",
              "ENVIRONMENT": "NPD",
              "FUNCTION": "ITS",
              "GROUPCONTACT": "rdahlman@deloitte.com",
              "MEMBERFIRM": "US",
              "Name": "AWSPPRD00001",
              "PRIMARYCONTACT": "IAMUSER-868978391936",
              "SECONDARYCONTACT": "rdahlman@deloitte.com",
              "cpm backup": "daily_backups_868978391936"
            },
            "vpc_security_group_ids": [
              "sg-0a33651bae99342ef"
            ]
          },
          "private": "eyJlMmJmYjczMC1lY2FhLTExZTYtOGY4OC0zNDM2M2JjN2M0YzAiOnsiY3JlYXRlIjo2MDAwMDAwMDAwMDAsImRlbGV0ZSI6MTIwMDAwMDAwMDAwMCwidXBkYXRlIjo2MDAwMDAwMDAwMDB9LCJzY2hlbWFfdmVyc2lvbiI6IjEifQ==",
          "dependencies": [
            "module.application_load_balancer.module.instance_security_group.aws_security_group.del_security_group"
          ]
        },
        {
          "index_key": 1,
          "schema_version": 1,
          "attributes": {
            "ami": "ami-01652280c5135f94b",
            "arn": "arn:aws:ec2:us-east-1:868978391936:instance/i-0a486ad8849710acc",
            "associate_public_ip_address": false,
            "availability_zone": "us-east-1a",
            "cpu_core_count": 1,
            "cpu_threads_per_core": 1,
            "credit_specification": [
              {
                "cpu_credits": "standard"
              }
            ],
            "disable_api_termination": false,
            "ebs_block_device": [],
            "ebs_optimized": false,
            "ephemeral_block_device": [],
            "get_password_data": false,
            "hibernation": false,
            "host_id": null,
            "iam_instance_profile": "EC2SSMAgentProfile",
            "id": "i-0a486ad8849710acc",
            "instance_initiated_shutdown_behavior": null,
            "instance_state": "running",
            "instance_type": "t2.micro",
            "ipv6_address_count": 0,
            "ipv6_addresses": [],
            "key_name": "testwind",
            "metadata_options": [
              {
                "http_endpoint": "enabled",
                "http_put_response_hop_limit": 1,
                "http_tokens": "optional"
              }
            ],
            "monitoring": false,
            "network_interface": [],
            "network_interface_id": null,
            "password_data": "",
            "placement_group": "",
            "primary_network_interface_id": "eni-094c9facbb04ed520",
            "private_dns": "ip-10-241-18-136.ec2.internal",
            "private_ip": "10.241.18.136",
            "public_dns": "",
            "public_ip": "",
            "root_block_device": [
              {
                "delete_on_termination": true,
                "device_name": "/dev/sda1",
                "encrypted": true,
                "iops": 100,
                "kms_key_id": "arn:aws:kms:us-east-1:868978391936:key/5530081b-95ee-4f21-9bb6-0f686896ff21",
                "volume_id": "vol-0678ab6b97d9abdb4",
                "volume_size": 30,
                "volume_type": "gp2"
              }
            ],
            "security_groups": [],
            "source_dest_check": true,
            "subnet_id": "subnet-0e6e6fe4c02ba8c19",
            "tags": {
              "BILLINGCODE": "TPX01413-01-01-01-G688",
              "BILLINGCONTACT": "rdahlman@deloitte.com",
              "CLIENT": "DevOps Pipeline",
              "COUNTRY": "US",
              "CSCLASS": "Confidential",
              "CSQUAL": "Intellectual Property",
              "CSTYPE": "External",
              "DCR": "AWS-WEBFALB0002-0.0.2",
              "ENVIRONMENT": "NPD",
              "FUNCTION": "ITS",
              "GROUPCONTACT": "rdahlman@deloitte.com",
              "MEMBERFIRM": "US",
              "Name": "AWSPPRD00002",
              "PRIMARYCONTACT": "IAMUSER-868978391936",
              "SECONDARYCONTACT": "rdahlman@deloitte.com",
              "cpm backup": "daily_backups_868978391936"
            },
            "tenancy": "default",
            "timeouts": null,
            "user_data": "1102155f9fa28fc1c7d40b2ae02a7885584b3457",
            "user_data_base64": null,
            "volume_tags": {
              "BILLINGCODE": "TPX01413-01-01-01-G688",
              "BILLINGCONTACT": "rdahlman@deloitte.com",
              "CLIENT": "DevOps Pipeline",
              "COUNTRY": "US",
              "CSCLASS": "Confidential",
              "CSQUAL": "Intellectual Property",
              "CSTYPE": "External",
              "DCR": "AWS-WEBFALB0002-0.0.2",
              "ENVIRONMENT": "NPD",
              "FUNCTION": "ITS",
              "GROUPCONTACT": "rdahlman@deloitte.com",
              "MEMBERFIRM": "US",
              "Name": "AWSPPRD00002",
              "PRIMARYCONTACT": "IAMUSER-868978391936",
              "SECONDARYCONTACT": "rdahlman@deloitte.com",
              "cpm backup": "daily_backups_868978391936"
            },
            "vpc_security_group_ids": [
              "sg-0a33651bae99342ef"
            ]
          },
          "private": "eyJlMmJmYjczMC1lY2FhLTExZTYtOGY4OC0zNDM2M2JjN2M0YzAiOnsiY3JlYXRlIjo2MDAwMDAwMDAwMDAsImRlbGV0ZSI6MTIwMDAwMDAwMDAwMCwidXBkYXRlIjo2MDAwMDAwMDAwMDB9LCJzY2hlbWFfdmVyc2lvbiI6IjEifQ==",
          "dependencies": [
            "module.application_load_balancer.module.instance_security_group.aws_security_group.del_security_group"
          ]
        }
      ]
    },
    {
      "module": "module.application_load_balancer",
      "mode": "managed",
      "type": "aws_lb",
      "name": "del_load_balancer",
      "provider": "provider.aws",
      "instances": [
        {
          "schema_version": 0,
          "attributes": {
            "access_logs": [
              {
                "bucket": "",
                "enabled": false,
                "prefix": ""
              }
            ],
            "arn": "arn:aws:elasticloadbalancing:us-east-1:868978391936:loadbalancer/app/Scrum-IV-ALB/d37e7913592e4a96",
            "arn_suffix": "app/Scrum-IV-ALB/d37e7913592e4a96",
            "dns_name": "internal-Scrum-IV-ALB-822226265.us-east-1.elb.amazonaws.com",
            "drop_invalid_header_fields": false,
            "enable_cross_zone_load_balancing": null,
            "enable_deletion_protection": false,
            "enable_http2": true,
            "id": "arn:aws:elasticloadbalancing:us-east-1:868978391936:loadbalancer/app/Scrum-IV-ALB/d37e7913592e4a96",
            "idle_timeout": 60,
            "internal": true,
            "ip_address_type": "ipv4",
            "load_balancer_type": "application",
            "name": "Scrum-IV-ALB",
            "name_prefix": null,
            "security_groups": [
              "sg-0b266ee2f0fad88ba"
            ],
            "subnet_mapping": [
              {
                "allocation_id": "",
                "subnet_id": "subnet-0e6e6fe4c02ba8c19"
              },
              {
                "allocation_id": "",
                "subnet_id": "subnet-0f745c8381e87a238"
              }
            ],
            "subnets": [
              "subnet-0e6e6fe4c02ba8c19",
              "subnet-0f745c8381e87a238"
            ],
            "tags": {
              "DCR": "AWS-WEBFALB0002-0.0.2"
            },
            "timeouts": null,
            "vpc_id": "vpc-04093af6b1ff0742b",
            "zone_id": "Z35SXDOTRQ7X7K"
          },
          "private": "eyJlMmJmYjczMC1lY2FhLTExZTYtOGY4OC0zNDM2M2JjN2M0YzAiOnsiY3JlYXRlIjo2MDAwMDAwMDAwMDAsImRlbGV0ZSI6NjAwMDAwMDAwMDAwLCJ1cGRhdGUiOjYwMDAwMDAwMDAwMH19",
          "dependencies": [
            "module.application_load_balancer.module.alb_security_group.aws_security_group.del_security_group"
          ]
        }
      ]
    },
    {
      "module": "module.application_load_balancer",
      "mode": "managed",
      "type": "aws_lb_listener",
      "name": "del_frontend_https",
      "provider": "provider.aws",
      "instances": [
        {
          "schema_version": 0,
          "attributes": {
            "arn": "arn:aws:elasticloadbalancing:us-east-1:868978391936:listener/app/Scrum-IV-ALB/d37e7913592e4a96/3c67e8fe0b59a2f7",
            "certificate_arn": "arn:aws:iam::868978391936:server-certificate/my-SSL-Certificate",
            "default_action": [
              {
                "authenticate_cognito": [],
                "authenticate_oidc": [],
                "fixed_response": [],
                "order": 1,
                "redirect": [],
                "target_group_arn": "arn:aws:elasticloadbalancing:us-east-1:868978391936:targetgroup/Scrum-IV-tgroup/370a09d952a3db11",
                "type": "forward"
              }
            ],
            "id": "arn:aws:elasticloadbalancing:us-east-1:868978391936:listener/app/Scrum-IV-ALB/d37e7913592e4a96/3c67e8fe0b59a2f7",
            "load_balancer_arn": "arn:aws:elasticloadbalancing:us-east-1:868978391936:loadbalancer/app/Scrum-IV-ALB/d37e7913592e4a96",
            "port": 443,
            "protocol": "HTTPS",
            "ssl_policy": "ELBSecurityPolicy-TLS-1-2-2017-01",
            "timeouts": null
          },
          "private": "eyJlMmJmYjczMC1lY2FhLTExZTYtOGY4OC0zNDM2M2JjN2M0YzAiOnsicmVhZCI6NjAwMDAwMDAwMDAwfX0=",
          "dependencies": [
            "module.application_load_balancer.aws_lb.del_load_balancer",
            "module.application_load_balancer.aws_lb_target_group.del_target_group",
            "module.application_load_balancer.module.alb_security_group.aws_security_group.del_security_group"
          ]
        }
      ]
    },
    {
      "module": "module.application_load_balancer",
      "mode": "managed",
      "type": "aws_lb_target_group",
      "name": "del_target_group",
      "provider": "provider.aws",
      "instances": [
        {
          "schema_version": 0,
          "attributes": {
            "arn": "arn:aws:elasticloadbalancing:us-east-1:868978391936:targetgroup/Scrum-IV-tgroup/370a09d952a3db11",
            "arn_suffix": "targetgroup/Scrum-IV-tgroup/370a09d952a3db11",
            "deregistration_delay": 300,
            "health_check": [
              {
                "enabled": true,
                "healthy_threshold": 5,
                "interval": 30,
                "matcher": "200",
                "path": "/",
                "port": "traffic-port",
                "protocol": "HTTPS",
                "timeout": 5,
                "unhealthy_threshold": 2
              }
            ],
            "id": "arn:aws:elasticloadbalancing:us-east-1:868978391936:targetgroup/Scrum-IV-tgroup/370a09d952a3db11",
            "lambda_multi_value_headers_enabled": false,
            "load_balancing_algorithm_type": "round_robin",
            "name": "Scrum-IV-tgroup",
            "name_prefix": null,
            "port": 443,
            "protocol": "HTTPS",
            "proxy_protocol_v2": false,
            "slow_start": 0,
            "stickiness": [
              {
                "cookie_duration": 86400,
                "enabled": false,
                "type": "lb_cookie"
              }
            ],
            "tags": {
              "DCR": "AWS-WEBFALB0002-0.0.2"
            },
            "target_type": "instance",
            "vpc_id": "vpc-04093af6b1ff0742b"
          },
          "private": "bnVsbA=="
        }
      ]
    },
    {
      "module": "module.application_load_balancer",
      "mode": "managed",
      "type": "aws_lb_target_group_attachment",
      "name": "test",
      "each": "list",
      "provider": "provider.aws",
      "instances": [
        {
          "index_key": 0,
          "schema_version": 0,
          "attributes": {
            "availability_zone": null,
            "id": "arn:aws:elasticloadbalancing:us-east-1:868978391936:targetgroup/Scrum-IV-tgroup/370a09d952a3db11-20200430095748604900000002",
            "port": null,
            "target_group_arn": "arn:aws:elasticloadbalancing:us-east-1:868978391936:targetgroup/Scrum-IV-tgroup/370a09d952a3db11",
            "target_id": "i-04e64fc83b8a55975"
          },
          "private": "bnVsbA==",
          "dependencies": [
            "module.application_load_balancer.aws_instance.aws-instance",
            "module.application_load_balancer.aws_lb_target_group.del_target_group",
            "module.application_load_balancer.module.instance_security_group.aws_security_group.del_security_group"
          ]
        },
        {
          "index_key": 1,
          "schema_version": 0,
          "attributes": {
            "availability_zone": null,
            "id": "arn:aws:elasticloadbalancing:us-east-1:868978391936:targetgroup/Scrum-IV-tgroup/370a09d952a3db11-20200430095748542900000001",
            "port": null,
            "target_group_arn": "arn:aws:elasticloadbalancing:us-east-1:868978391936:targetgroup/Scrum-IV-tgroup/370a09d952a3db11",
            "target_id": "i-0a486ad8849710acc"
          },
          "private": "bnVsbA==",
          "dependencies": [
            "module.application_load_balancer.aws_instance.aws-instance",
            "module.application_load_balancer.aws_lb_target_group.del_target_group",
            "module.application_load_balancer.module.instance_security_group.aws_security_group.del_security_group"
          ]
        }
      ]
    },
    {
      "module": "module.application_load_balancer.module.instance_security_group",
      "mode": "managed",
      "type": "aws_security_group",
      "name": "del_security_group",
      "provider": "provider.aws",
      "instances": [
        {
          "schema_version": 1,
          "attributes": {
            "arn": "arn:aws:ec2:us-east-1:868978391936:security-group/sg-0a33651bae99342ef",
            "description": "Scrum-IV-ec2_security_group",
            "egress": [],
            "id": "sg-0a33651bae99342ef",
            "ingress": [],
            "name": "Scrum-IV-ec2_security_group",
            "name_prefix": null,
            "owner_id": "868978391936",
            "revoke_rules_on_delete": false,
            "tags": {
              "DCR": "AWS-WEBFALB0002-0.0.1"
            },
            "timeouts": null,
            "vpc_id": "vpc-04093af6b1ff0742b"
          },
          "private": "eyJlMmJmYjczMC1lY2FhLTExZTYtOGY4OC0zNDM2M2JjN2M0YzAiOnsiY3JlYXRlIjo2MDAwMDAwMDAwMDAsImRlbGV0ZSI6NjAwMDAwMDAwMDAwfSwic2NoZW1hX3ZlcnNpb24iOiIxIn0="
        }
      ]
    },
    {
      "module": "module.application_load_balancer.module.alb_security_group",
      "mode": "managed",
      "type": "aws_security_group",
      "name": "del_security_group",
      "provider": "provider.aws",
      "instances": [
        {
          "schema_version": 1,
          "attributes": {
            "arn": "arn:aws:ec2:us-east-1:868978391936:security-group/sg-0b266ee2f0fad88ba",
            "description": "Scrum-IV-alb_security_group",
            "egress": [],
            "id": "sg-0b266ee2f0fad88ba",
            "ingress": [],
            "name": "Scrum-IV-alb_security_group",
            "name_prefix": null,
            "owner_id": "868978391936",
            "revoke_rules_on_delete": false,
            "tags": {
              "DCR": "AWS-WEBFALB0002-0.0.1"
            },
            "timeouts": null,
            "vpc_id": "vpc-04093af6b1ff0742b"
          },
          "private": "eyJlMmJmYjczMC1lY2FhLTExZTYtOGY4OC0zNDM2M2JjN2M0YzAiOnsiY3JlYXRlIjo2MDAwMDAwMDAwMDAsImRlbGV0ZSI6NjAwMDAwMDAwMDAwfSwic2NoZW1hX3ZlcnNpb24iOiIxIn0="
        }
      ]
    },
    {
      "module": "module.application_load_balancer.module.instance_security_group",
      "mode": "managed",
      "type": "aws_security_group_rule",
      "name": "egress",
      "provider": "provider.aws",
      "instances": [
        {
          "schema_version": 2,
          "attributes": {
            "cidr_blocks": [
              "0.0.0.0/0"
            ],
            "description": "All egress traffic",
            "from_port": 0,
            "id": "sgrule-1741279180",
            "ipv6_cidr_blocks": null,
            "prefix_list_ids": null,
            "protocol": "-1",
            "security_group_id": "sg-0a33651bae99342ef",
            "self": false,
            "source_security_group_id": null,
            "to_port": 0,
            "type": "egress"
          },
          "private": "eyJzY2hlbWFfdmVyc2lvbiI6IjIifQ==",
          "dependencies": [
            "module.application_load_balancer.module.instance_security_group.aws_security_group.del_security_group"
          ]
        }
      ]
    },
    {
      "module": "module.application_load_balancer.module.alb_security_group",
      "mode": "managed",
      "type": "aws_security_group_rule",
      "name": "egress",
      "provider": "provider.aws",
      "instances": [
        {
          "schema_version": 2,
          "attributes": {
            "cidr_blocks": [
              "0.0.0.0/0"
            ],
            "description": "All egress traffic",
            "from_port": 0,
            "id": "sgrule-1447242126",
            "ipv6_cidr_blocks": null,
            "prefix_list_ids": null,
            "protocol": "-1",
            "security_group_id": "sg-0b266ee2f0fad88ba",
            "self": false,
            "source_security_group_id": null,
            "to_port": 0,
            "type": "egress"
          },
          "private": "eyJzY2hlbWFfdmVyc2lvbiI6IjIifQ==",
          "dependencies": [
            "module.application_load_balancer.module.alb_security_group.aws_security_group.del_security_group"
          ]
        }
      ]
    },
    {
      "module": "module.application_load_balancer.module.instance_security_group",
      "mode": "managed",
      "type": "aws_security_group_rule",
      "name": "tcp",
      "each": "list",
      "provider": "provider.aws",
      "instances": [
        {
          "index_key": 0,
          "schema_version": 2,
          "attributes": {
            "cidr_blocks": [
              "10.0.0.0/8"
            ],
            "description": "Ingress traffic",
            "from_port": 443,
            "id": "sgrule-2588007275",
            "ipv6_cidr_blocks": null,
            "prefix_list_ids": null,
            "protocol": "tcp",
            "security_group_id": "sg-0a33651bae99342ef",
            "self": false,
            "source_security_group_id": null,
            "to_port": 443,
            "type": "ingress"
          },
          "private": "eyJzY2hlbWFfdmVyc2lvbiI6IjIifQ==",
          "dependencies": [
            "module.application_load_balancer.module.instance_security_group.aws_security_group.del_security_group"
          ]
        },
        {
          "index_key": 1,
          "schema_version": 2,
          "attributes": {
            "cidr_blocks": [
              "10.0.0.0/8"
            ],
            "description": "Ingress traffic",
            "from_port": 3389,
            "id": "sgrule-1239609380",
            "ipv6_cidr_blocks": null,
            "prefix_list_ids": null,
            "protocol": "tcp",
            "security_group_id": "sg-0a33651bae99342ef",
            "self": false,
            "source_security_group_id": null,
            "to_port": 3389,
            "type": "ingress"
          },
          "private": "eyJzY2hlbWFfdmVyc2lvbiI6IjIifQ==",
          "dependencies": [
            "module.application_load_balancer.module.instance_security_group.aws_security_group.del_security_group"
          ]
        }
      ]
    },
    {
      "module": "module.application_load_balancer.module.alb_security_group",
      "mode": "managed",
      "type": "aws_security_group_rule",
      "name": "tcp",
      "each": "list",
      "provider": "provider.aws",
      "instances": [
        {
          "index_key": 0,
          "schema_version": 2,
          "attributes": {
            "cidr_blocks": [
              "10.0.0.0/8"
            ],
            "description": "Ingress traffic",
            "from_port": 443,
            "id": "sgrule-2491801409",
            "ipv6_cidr_blocks": null,
            "prefix_list_ids": null,
            "protocol": "tcp",
            "security_group_id": "sg-0b266ee2f0fad88ba",
            "self": false,
            "source_security_group_id": null,
            "to_port": 443,
            "type": "ingress"
          },
          "private": "eyJzY2hlbWFfdmVyc2lvbiI6IjIifQ==",
          "dependencies": [
            "module.application_load_balancer.module.alb_security_group.aws_security_group.del_security_group"
          ]
        }
      ]
    },
    {
      "module": "module.application_load_balancer",
      "mode": "managed",
      "type": "null_resource",
      "name": "wait_before_puppet_api_call",
      "provider": "provider.null",
      "instances": [
        {
          "schema_version": 0,
          "attributes": {
            "id": "1420263193851470859",
            "triggers": null
          },
          "private": "bnVsbA==",
          "dependencies": [
            "module.application_load_balancer.aws_instance.aws-instance",
            "module.application_load_balancer.aws_lb.del_load_balancer",
            "module.application_load_balancer.module.alb_security_group.aws_security_group.del_security_group",
            "module.application_load_balancer.module.instance_security_group.aws_security_group.del_security_group"
          ]
        }
      ]
    }
  ]
}
